// !$*UTF8*$!
{
	archiveVersion = 1;
	classes = {
	};
	objectVersion = 46;
	objects = {

/* Begin PBXBuildFile section */
		494E81331DAE0700000C69E4 /* AppDelegate.swift in Sources */ = {isa = PBXBuildFile; fileRef = 494E81321DAE0700000C69E4 /* AppDelegate.swift */; };
		494E81381DAE0700000C69E4 /* Main.storyboard in Resources */ = {isa = PBXBuildFile; fileRef = 494E81361DAE0700000C69E4 /* Main.storyboard */; };
		494E813A1DAE0700000C69E4 /* Assets.xcassets in Resources */ = {isa = PBXBuildFile; fileRef = 494E81391DAE0700000C69E4 /* Assets.xcassets */; };
		494E813D1DAE0700000C69E4 /* LaunchScreen.storyboard in Resources */ = {isa = PBXBuildFile; fileRef = 494E813B1DAE0700000C69E4 /* LaunchScreen.storyboard */; };
		494E81481DAE0700000C69E4 /* StretchEffectTests.swift in Sources */ = {isa = PBXBuildFile; fileRef = 494E81471DAE0700000C69E4 /* StretchEffectTests.swift */; };
		494E81531DAE0755000C69E4 /* ORStretchEffectViewController.swift in Sources */ = {isa = PBXBuildFile; fileRef = 494E81521DAE0755000C69E4 /* ORStretchEffectViewController.swift */; };
		494E81551DAE07FC000C69E4 /* Tool.swift in Sources */ = {isa = PBXBuildFile; fileRef = 494E81541DAE07FC000C69E4 /* Tool.swift */; };
		494E81571DAE0835000C69E4 /* 1.jpg in Resources */ = {isa = PBXBuildFile; fileRef = 494E81561DAE0835000C69E4 /* 1.jpg */; };
/* End PBXBuildFile section */

/* Begin PBXContainerItemProxy section */
		494E81441DAE0700000C69E4 /* PBXContainerItemProxy */ = {
			isa = PBXContainerItemProxy;
			containerPortal = 494E81271DAE0700000C69E4 /* Project object */;
			proxyType = 1;
			remoteGlobalIDString = 494E812E1DAE0700000C69E4;
			remoteInfo = StretchEffect;
		};
/* End PBXContainerItemProxy section */

/* Begin PBXFileReference section */
		494E812F1DAE0700000C69E4 /* StretchEffect.app */ = {isa = PBXFileReference; explicitFileType = wrapper.application; includeInIndex = 0; path = StretchEffect.app; sourceTree = BUILT_PRODUCTS_DIR; };
		494E81321DAE0700000C69E4 /* AppDelegate.swift */ = {isa = PBXFileReference; lastKnownFileType = sourcecode.swift; path = AppDelegate.swift; sourceTree = "<group>"; };
		494E81371DAE0700000C69E4 /* Base */ = {isa = PBXFileReference; lastKnownFileType = file.storyboard; name = Base; path = Base.lproj/Main.storyboard; sourceTree = "<group>"; };
		494E81391DAE0700000C69E4 /* Assets.xcassets */ = {isa = PBXFileReference; lastKnownFileType = folder.assetcatalog; path = Assets.xcassets; sourceTree = "<group>"; };
		494E813C1DAE0700000C69E4 /* Base */ = {isa = PBXFileReference; lastKnownFileType = file.storyboard; name = Base; path = Base.lproj/LaunchScreen.storyboard; sourceTree = "<group>"; };
		494E813E1DAE0700000C69E4 /* Info.plist */ = {isa = PBXFileReference; lastKnownFileType = text.plist.xml; path = Info.plist; sourceTree = "<group>"; };
		494E81431DAE0700000C69E4 /* StretchEffectTests.xctest */ = {isa = PBXFileReference; explicitFileType = wrapper.cfbundle; includeInIndex = 0; path = StretchEffectTests.xctest; sourceTree = BUILT_PRODUCTS_DIR; };
		494E81471DAE0700000C69E4 /* StretchEffectTests.swift */ = {isa = PBXFileReference; lastKnownFileType = sourcecode.swift; path = StretchEffectTests.swift; sourceTree = "<group>"; };
		494E81491DAE0700000C69E4 /* Info.plist */ = {isa = PBXFileReference; lastKnownFileType = text.plist.xml; path = Info.plist; sourceTree = "<group>"; };
		494E81521DAE0755000C69E4 /* ORStretchEffectViewController.swift */ = {isa = PBXFileReference; fileEncoding = 4; lastKnownFileType = sourcecode.swift; path = ORStretchEffectViewController.swift; sourceTree = "<group>"; };
		494E81541DAE07FC000C69E4 /* Tool.swift */ = {isa = PBXFileReference; fileEncoding = 4; lastKnownFileType = sourcecode.swift; path = Tool.swift; sourceTree = "<group>"; };
		494E81561DAE0835000C69E4 /* 1.jpg */ = {isa = PBXFileReference; lastKnownFileType = image.jpeg; path = 1.jpg; sourceTree = "<group>"; };
/* End PBXFileReference section */

/* Begin PBXFrameworksBuildPhase section */
		494E812C1DAE0700000C69E4 /* Frameworks */ = {
			isa = PBXFrameworksBuildPhase;
			buildActionMask = 2147483647;
			files = (
			);
			runOnlyForDeploymentPostprocessing = 0;
		};
		494E81401DAE0700000C69E4 /* Frameworks */ = {
			isa = PBXFrameworksBuildPhase;
			buildActionMask = 2147483647;
			files = (
			);
			runOnlyForDeploymentPostprocessing = 0;
		};
/* End PBXFrameworksBuildPhase section */

/* Begin PBXGroup section */
		494E81261DAE0700000C69E4 = {
			isa = PBXGroup;
			children = (
				494E81311DAE0700000C69E4 /* StretchEffect */,
				494E81461DAE0700000C69E4 /* StretchEffectTests */,
				494E81301DAE0700000C69E4 /* Products */,
			);
			sourceTree = "<group>";
		};
		494E81301DAE0700000C69E4 /* Products */ = {
			isa = PBXGroup;
			children = (
				494E812F1DAE0700000C69E4 /* StretchEffect.app */,
				494E81431DAE0700000C69E4 /* StretchEffectTests.xctest */,
			);
			name = Products;
			sourceTree = "<group>";
		};
		494E81311DAE0700000C69E4 /* StretchEffect */ = {
			isa = PBXGroup;
			children = (
				494E81561DAE0835000C69E4 /* 1.jpg */,
				494E81321DAE0700000C69E4 /* AppDelegate.swift */,
				494E81541DAE07FC000C69E4 /* Tool.swift */,
				494E81521DAE0755000C69E4 /* ORStretchEffectViewController.swift */,
				494E81361DAE0700000C69E4 /* Main.storyboard */,
				494E81391DAE0700000C69E4 /* Assets.xcassets */,
				494E813B1DAE0700000C69E4 /* LaunchScreen.storyboard */,
				494E813E1DAE0700000C69E4 /* Info.plist */,
			);
			path = StretchEffect;
			sourceTree = "<group>";
		};
		494E81461DAE0700000C69E4 /* StretchEffectTests */ = {
			isa = PBXGroup;
			children = (
				494E81471DAE0700000C69E4 /* StretchEffectTests.swift */,
				494E81491DAE0700000C69E4 /* Info.plist */,
			);
			path = StretchEffectTests;
			sourceTree = "<group>";
		};
/* End PBXGroup section */

/* Begin PBXNativeTarget section */
		494E812E1DAE0700000C69E4 /* StretchEffect */ = {
			isa = PBXNativeTarget;
			buildConfigurationList = 494E814C1DAE0700000C69E4 /* Build configuration list for PBXNativeTarget "StretchEffect" */;
			buildPhases = (
				494E812B1DAE0700000C69E4 /* Sources */,
				494E812C1DAE0700000C69E4 /* Frameworks */,
				494E812D1DAE0700000C69E4 /* Resources */,
			);
			buildRules = (
			);
			dependencies = (
			);
			name = StretchEffect;
			productName = StretchEffect;
			productReference = 494E812F1DAE0700000C69E4 /* StretchEffect.app */;
			productType = "com.apple.product-type.application";
		};
		494E81421DAE0700000C69E4 /* StretchEffectTests */ = {
			isa = PBXNativeTarget;
			buildConfigurationList = 494E814F1DAE0700000C69E4 /* Build configuration list for PBXNativeTarget "StretchEffectTests" */;
			buildPhases = (
				494E813F1DAE0700000C69E4 /* Sources */,
				494E81401DAE0700000C69E4 /* Frameworks */,
				494E81411DAE0700000C69E4 /* Resources */,
			);
			buildRules = (
			);
			dependencies = (
				494E81451DAE0700000C69E4 /* PBXTargetDependency */,
			);
			name = StretchEffectTests;
			productName = StretchEffectTests;
			productReference = 494E81431DAE0700000C69E4 /* StretchEffectTests.xctest */;
			productType = "com.apple.product-type.bundle.unit-test";
		};
/* End PBXNativeTarget section */

/* Begin PBXProject section */
		494E81271DAE0700000C69E4 /* Project object */ = {
			isa = PBXProject;
			attributes = {
				LastSwiftUpdateCheck = 0800;
				LastUpgradeCheck = 0800;
				ORGANIZATIONNAME = OYR;
				TargetAttributes = {
					494E812E1DAE0700000C69E4 = {
						CreatedOnToolsVersion = 8.0;
						DevelopmentTeam = X3YFLE989D;
						ProvisioningStyle = Automatic;
					};
					494E81421DAE0700000C69E4 = {
						CreatedOnToolsVersion = 8.0;
						ProvisioningStyle = Automatic;
						TestTargetID = 494E812E1DAE0700000C69E4;
					};
				};
			};
			buildConfigurationList = 494E812A1DAE0700000C69E4 /* Build configuration list for PBXProject "StretchEffect" */;
			compatibilityVersion = "Xcode 3.2";
			developmentRegion = English;
			hasScannedForEncodings = 0;
			knownRegions = (
				en,
				Base,
			);
			mainGroup = 494E81261DAE0700000C69E4;
			productRefGroup = 494E81301DAE0700000C69E4 /* Products */;
			projectDirPath = "";
			projectRoot = "";
			targets = (
				494E812E1DAE0700000C69E4 /* StretchEffect */,
				494E81421DAE0700000C69E4 /* StretchEffectTests */,
			);
		};
/* End PBXProject section */

/* Begin PBXResourcesBuildPhase section */
		494E812D1DAE0700000C69E4 /* Resources */ = {
			isa = PBXResourcesBuildPhase;
			buildActionMask = 2147483647;
			files = (
				494E813D1DAE0700000C69E4 /* LaunchScreen.storyboard in Resources */,
				494E81571DAE0835000C69E4 /* 1.jpg in Resources */,
				494E813A1DAE0700000C69E4 /* Assets.xcassets in Resources */,
				494E81381DAE0700000C69E4 /* Main.storyboard in Resources */,
			);
			runOnlyForDeploymentPostprocessing = 0;
		};
		494E81411DAE0700000C69E4 /* Resources */ = {
			isa = PBXResourcesBuildPhase;
			buildActionMask = 2147483647;
			files = (
			);
			runOnlyForDeploymentPostprocessing = 0;
		};
/* End PBXResourcesBuildPhase section */

/* Begin PBXSourcesBuildPhase section */
		494E812B1DAE0700000C69E4 /* Sources */ = {
			isa = PBXSourcesBuildPhase;
			buildActionMask = 2147483647;
			files = (
				494E81531DAE0755000C69E4 /* ORStretchEffectViewController.swift in Sources */,
				494E81331DAE0700000C69E4 /* AppDelegate.swift in Sources */,
				494E81551DAE07FC000C69E4 /* Tool.swift in Sources */,
			);
			runOnlyForDeploymentPostprocessing = 0;
		};
		494E813F1DAE0700000C69E4 /* Sources */ = {
			isa = PBXSourcesBuildPhase;
			buildActionMask = 2147483647;
			files = (
				494E81481DAE0700000C69E4 /* StretchEffectTests.swift in Sources */,
			);
			runOnlyForDeploymentPostprocessing = 0;
		};
/* End PBXSourcesBuildPhase section */

/* Begin PBXTargetDependency section */
		494E81451DAE0700000C69E4 /* PBXTargetDependency */ = {
			isa = PBXTargetDependency;
			target = 494E812E1DAE0700000C69E4 /* StretchEffect */;
			targetProxy = 494E81441DAE0700000C69E4 /* PBXContainerItemProxy */;
		};
/* End PBXTargetDependency section */

/* Begin PBXVariantGroup section */
		494E81361DAE0700000C69E4 /* Main.storyboard */ = {
			isa = PBXVariantGroup;
			children = (
				494E81371DAE0700000C69E4 /* Base */,
			);
			name = Main.storyboard;
			sourceTree = "<group>";
		};
		494E813B1DAE0700000C69E4 /* LaunchScreen.storyboard */ = {
			isa = PBXVariantGroup;
			children = (
				494E813C1DAE0700000C69E4 /* Base */,
			);
			name = LaunchScreen.storyboard;
			sourceTree = "<group>";
		};
/* End PBXVariantGroup section */

/* Begin XCBuildConfiguration section */
		494E814A1DAE0700000C69E4 /* Debug */ = {
			isa = XCBuildConfiguration;
			buildSettings = {
				ALWAYS_SEARCH_USER_PATHS = NO;
				CLANG_ANALYZER_NONNULL = YES;
				CLANG_CXX_LANGUAGE_STANDARD = "gnu++0x";
				CLANG_CXX_LIBRARY = "libc++";
				CLANG_ENABLE_MODULES = YES;
				CLANG_ENABLE_OBJC_ARC = YES;
				CLANG_WARN_BOOL_CONVERSION = YES;
				CLANG_WARN_CONSTANT_CONVERSION = YES;
				CLANG_WARN_DIRECT_OBJC_ISA_USAGE = YES_ERROR;
				CLANG_WARN_DOCUMENTATION_COMMENTS = YES;
				CLANG_WARN_EMPTY_BODY = YES;
				CLANG_WARN_ENUM_CONVERSION = YES;
				CLANG_WARN_INFINITE_RECURSION = YES;
				CLANG_WARN_INT_CONVERSION = YES;
				CLANG_WARN_OBJC_ROOT_CLASS = YES_ERROR;
				CLANG_WARN_SUSPICIOUS_MOVES = YES;
				CLANG_WARN_UNREACHABLE_CODE = YES;
				CLANG_WARN__DUPLICATE_METHOD_MATCH = YES;
				"CODE_SIGN_IDENTITY[sdk=iphoneos*]" = "iPhone Developer";
				COPY_PHASE_STRIP = NO;
				DEBUG_INFORMATION_FORMAT = dwarf;
				ENABLE_STRICT_OBJC_MSGSEND = YES;
				ENABLE_TESTABILITY = YES;
				GCC_C_LANGUAGE_STANDARD = gnu99;
				GCC_DYNAMIC_NO_PIC = NO;
				GCC_NO_COMMON_BLOCKS = YES;
				GCC_OPTIMIZATION_LEVEL = 0;
				GCC_PREPROCESSOR_DEFINITIONS = (
					"DEBUG=1",
					"$(inherited)",
				);
				GCC_WARN_64_TO_32_BIT_CONVERSION = YES;
				GCC_WARN_ABOUT_RETURN_TYPE = YES_ERROR;
				GCC_WARN_UNDECLARED_SELECTOR = YES;
				GCC_WARN_UNINITIALIZED_AUTOS = YES_AGGRESSIVE;
				GCC_WARN_UNUSED_FUNCTION = YES;
				GCC_WARN_UNUSED_VARIABLE = YES;
				IPHONEOS_DEPLOYMENT_TARGET = 10.0;
				MTL_ENABLE_DEBUG_INFO = YES;
				ONLY_ACTIVE_ARCH = YES;
				SDKROOT = iphoneos;
				SWIFT_ACTIVE_COMPILATION_CONDITIONS = DEBUG;
				SWIFT_OPTIMIZATION_LEVEL = "-Onone";
				TARGETED_DEVICE_FAMILY = "1,2";
			};
			name = Debug;
		};
		494E814B1DAE0700000C69E4 /* Release */ = {
			isa = XCBuildConfiguration;
			buildSettings = {
				ALWAYS_SEARCH_USER_PATHS = NO;
				CLANG_ANALYZER_NONNULL = YES;
				CLANG_CXX_LANGUAGE_STANDARD = "gnu++0x";
				CLANG_CXX_LIBRARY = "libc++";
				CLANG_ENABLE_MODULES = YES;
				CLANG_ENABLE_OBJC_ARC = YES;
				CLANG_WARN_BOOL_CONVERSION = YES;
				CLANG_WARN_CONSTANT_CONVERSION = YES;
				CLANG_WARN_DIRECT_OBJC_ISA_USAGE = YES_ERROR;
				CLANG_WARN_DOCUMENTATION_COMMENTS = YES;
				CLANG_WARN_EMPTY_BODY = YES;
				CLANG_WARN_ENUM_CONVERSION = YES;
				CLANG_WARN_INFINITE_RECURSION = YES;
				CLANG_WARN_INT_CONVERSION = YES;
				CLANG_WARN_OBJC_ROOT_CLASS = YES_ERROR;
				CLANG_WARN_SUSPICIOUS_MOVES = YES;
				CLANG_WARN_UNREACHABLE_CODE = YES;
				CLANG_WARN__DUPLICATE_METHOD_MATCH = YES;
				"CODE_SIGN_IDENTITY[sdk=iphoneos*]" = "iPhone Developer";
				COPY_PHASE_STRIP = NO;
				DEBUG_INFORMATION_FORMAT = "dwarf-with-dsym";
				ENABLE_NS_ASSERTIONS = NO;
				ENABLE_STRICT_OBJC_MSGSEND = YES;
				GCC_C_LANGUAGE_STANDARD = gnu99;
				GCC_NO_COMMON_BLOCKS = YES;
				GCC_WARN_64_TO_32_BIT_CONVERSION = YES;
				GCC_WARN_ABOUT_RETURN_TYPE = YES_ERROR;
				GCC_WARN_UNDECLARED_SELECTOR = YES;
				GCC_WARN_UNINITIALIZED_AUTOS = YES_AGGRESSIVE;
				GCC_WARN_UNUSED_FUNCTION = YES;
				GCC_WARN_UNUSED_VARIABLE = YES;
				IPHONEOS_DEPLOYMENT_TARGET = 10.0;
				MTL_ENABLE_DEBUG_INFO = NO;
				SDKROOT = iphoneos;
				SWIFT_OPTIMIZATION_LEVEL = "-Owholemodule";
				TARGETED_DEVICE_FAMILY = "1,2";
				VALIDATE_PRODUCT = YES;
			};
			name = Release;
		};
		494E814D1DAE0700000C69E4 /* Debug */ = {
			isa = XCBuildConfiguration;
			buildSettings = {
				ASSETCATALOG_COMPILER_APPICON_NAME = AppIcon;
				DEVELOPMENT_TEAM = X3YFLE989D;
				INFOPLIST_FILE = StretchEffect/Info.plist;
				LD_RUNPATH_SEARCH_PATHS = "$(inherited) @executable_path/Frameworks";
				PRODUCT_BUNDLE_IDENTIFIER = com.rimi.StretchEffect;
				PRODUCT_NAME = "$(TARGET_NAME)";
				SWIFT_VERSION = 3.0;
			};
			name = Debug;
		};
		494E814E1DAE0700000C69E4 /* Release */ = {
			isa = XCBuildConfiguration;
			buildSettings = {
				ASSETCATALOG_COMPILER_APPICON_NAME = AppIcon;
				DEVELOPMENT_TEAM = X3YFLE989D;
				INFOPLIST_FILE = StretchEffect/Info.plist;
				LD_RUNPATH_SEARCH_PATHS = "$(inherited) @executable_path/Frameworks";
				PRODUCT_BUNDLE_IDENTIFIER = com.rimi.StretchEffect;
				PRODUCT_NAME = "$(TARGET_NAME)";
				SWIFT_VERSION = 3.0;
			};
			name = Release;
		};
		494E81501DAE0700000C69E4 /* Debug */ = {
			isa = XCBuildConfiguration;
			buildSettings = {
				ALWAYS_EMBED_SWIFT_STANDARD_LIBRARIES = YES;
				BUNDLE_LOADER = "$(TEST_HOST)";
				INFOPLIST_FILE = StretchEffectTests/Info.plist;
				LD_RUNPATH_SEARCH_PATHS = "$(inherited) @executable_path/Frameworks @loader_path/Frameworks";
				PRODUCT_BUNDLE_IDENTIFIER = com.rimi.StretchEffectTests;
				PRODUCT_NAME = "$(TARGET_NAME)";
				SWIFT_VERSION = 3.0;
				TEST_HOST = "$(BUILT_PRODUCTS_DIR)/StretchEffect.app/StretchEffect";
			};
			name = Debug;
		};
		494E81511DAE0700000C69E4 /* Release */ = {
			isa = XCBuildConfiguration;
			buildSettings = {
				ALWAYS_EMBED_SWIFT_STANDARD_LIBRARIES = YES;
				BUNDLE_LOADER = "$(TEST_HOST)";
				INFOPLIST_FILE = StretchEffectTests/Info.plist;
				LD_RUNPATH_SEARCH_PATHS = "$(inherited) @executable_path/Frameworks @loader_path/Frameworks";
				PRODUCT_BUNDLE_IDENTIFIER = com.rimi.StretchEffectTests;
				PRODUCT_NAME = "$(TARGET_NAME)";
				SWIFT_VERSION = 3.0;
				TEST_HOST = "$(BUILT_PRODUCTS_DIR)/StretchEffect.app/StretchEffect";
			};
			name = Release;
		};
/* End XCBuildConfiguration section */

/* Begin XCConfigurationList section */
		494E812A1DAE0700000C69E4 /* Build configuration list for PBXProject "StretchEffect" */ = {
			isa = XCConfigurationList;
			buildConfigurations = (
				494E814A1DAE0700000C69E4 /* Debug */,
				494E814B1DAE0700000C69E4 /* Release */,
			);
			defaultConfigurationIsVisible = 0;
			defaultConfigurationName = Release;
		};
		494E814C1DAE0700000C69E4 /* Build configuration list for PBXNativeTarget "StretchEffect" */ = {
			isa = XCConfigurationList;
			buildConfigurations = (
				494E814D1DAE0700000C69E4 /* Debug */,
				494E814E1DAE0700000C69E4 /* Release */,
			);
			defaultConfigurationIsVisible = 0;
			defaultConfigurationName = Release;
		};
		494E814F1DAE0700000C69E4 /* Build configuration list for PBXNativeTarget "StretchEffectTests" */ = {
			isa = XCConfigurationList;
			buildConfigurations = (
				494E81501DAE0700000C69E4 /* Debug */,
				494E81511DAE0700000C69E4 /* Release */,
			);
			defaultConfigurationIsVisible = 0;
			defaultConfigurationName = Release;
		};
/* End XCConfigurationList section */
	};
	rootObject = 494E81271DAE0700000C69E4 /* Project object */;
}
